
Microsoft Visual Studio Solution File, Format Version 12.00
# Visual Studio 15
VisualStudioVersion = 15.0.28010.2046
MinimumVisualStudioVersion = 10.0.40219.1
Project("{FAE04EC0-301F-11D3-BF4B-00C04F79EFBC}") = "PalindromeArray", "PalindromeArray\PalindromeArray.csproj", "{54400D6D-ADD3-4ED6-88A6-DFD526D5DE48}"
EndProject
Project("{FAE04EC0-301F-11D3-BF4B-00C04F79EFBC}") = "PalindromeArray.UnitTests", "PalindromeArray.UnitTests\PalindromeArray.UnitTests.csproj", "{9C29012A-93AA-403B-A867-F8579B8EEE8E}"
EndProject
Global
	GlobalSection(SolutionConfigurationPlatforms) = preSolution
		Debug|Any CPU = Debug|Any CPU
		Release|Any CPU = Release|Any CPU
	EndGlobalSection
	GlobalSection(ProjectConfigurationPlatforms) = postSolution
		{54400D6D-ADD3-4ED6-88A6-DFD526D5DE48}.Debug|Any CPU.ActiveCfg = Debug|Any CPU
		{54400D6D-ADD3-4ED6-88A6-DFD526D5DE48}.Debug|Any CPU.Build.0 = Debug|Any CPU
		{54400D6D-ADD3-4ED6-88A6-DFD526D5DE48}.Release|Any CPU.ActiveCfg = Release|Any CPU
		{54400D6D-ADD3-4ED6-88A6-DFD526D5DE48}.Release|Any CPU.Build.0 = Release|Any CPU
		{9C29012A-93AA-403B-A867-F8579B8EEE8E}.Debug|Any CPU.ActiveCfg = Debug|Any CPU
		{9C29012A-93AA-403B-A867-F8579B8EEE8E}.Debug|Any CPU.Build.0 = Debug|Any CPU
		{9C29012A-93AA-403B-A867-F8579B8EEE8E}.Release|Any CPU.ActiveCfg = Release|Any CPU
		{9C29012A-93AA-403B-A867-F8579B8EEE8E}.Release|Any CPU.Build.0 = Release|Any CPU
	EndGlobalSection
	GlobalSection(SolutionProperties) = preSolution
		HideSolutionNode = FALSE
	EndGlobalSection
	GlobalSection(ExtensibilityGlobals) = postSolution
		SolutionGuid = {3E80A8AA-0C4E-433C-B456-ADA5D82FEAED}
	EndGlobalSection
EndGlobal
